
Microsoft Visual Studio Solution File, Format Version 12.00
# Visual Studio Version 17
VisualStudioVersion = 17.11.35219.272
MinimumVisualStudioVersion = 10.0.40219.1
Project("{FAE04EC0-301F-11D3-BF4B-00C04F79EFBC}") = "StudentDashboard3", "StudentDashboard3.csproj", "{9E3065B7-1AD4-4708-890F-A9C1E3DC55B6}"
EndProject
Global
	GlobalSection(SolutionConfigurationPlatforms) = preSolution
		Debug|Any CPU = Debug|Any CPU
		Release|Any CPU = Release|Any CPU
	EndGlobalSection
	GlobalSection(ProjectConfigurationPlatforms) = postSolution
		{9E3065B7-1AD4-4708-890F-A9C1E3DC55B6}.Debug|Any CPU.ActiveCfg = Debug|Any CPU
		{9E3065B7-1AD4-4708-890F-A9C1E3DC55B6}.Debug|Any CPU.Build.0 = Debug|Any CPU
		{9E3065B7-1AD4-4708-890F-A9C1E3DC55B6}.Release|Any CPU.ActiveCfg = Release|Any CPU
		{9E3065B7-1AD4-4708-890F-A9C1E3DC55B6}.Release|Any CPU.Build.0 = Release|Any CPU
	EndGlobalSection
	GlobalSection(SolutionProperties) = preSolution
		HideSolutionNode = FALSE
	EndGlobalSection
	GlobalSection(ExtensibilityGlobals) = postSolution
		SolutionGuid = {A137D33C-8AB5-471A-80E0-85A6C1B014DE}
	EndGlobalSection
EndGlobal
